
Microsoft Visual Studio Solution File, Format Version 12.00
# Visual Studio Version 16
VisualStudioVersion = 16.0.29418.71
MinimumVisualStudioVersion = 10.0.40219.1
Project("{FAE04EC0-301F-11D3-BF4B-00C04F79EFBC}") = "CoDGameTracker", "CoDGameTracker\CoDGameTracker.csproj", "{67AA9908-41D8-4766-8636-95570A2974AA}"
EndProject
Global
	GlobalSection(SolutionConfigurationPlatforms) = preSolution
		Debug|Any CPU = Debug|Any CPU
		Release|Any CPU = Release|Any CPU
	EndGlobalSection
	GlobalSection(ProjectConfigurationPlatforms) = postSolution
		{67AA9908-41D8-4766-8636-95570A2974AA}.Debug|Any CPU.ActiveCfg = Debug|Any CPU
		{67AA9908-41D8-4766-8636-95570A2974AA}.Debug|Any CPU.Build.0 = Debug|Any CPU
		{67AA9908-41D8-4766-8636-95570A2974AA}.Release|Any CPU.ActiveCfg = Release|Any CPU
		{67AA9908-41D8-4766-8636-95570A2974AA}.Release|Any CPU.Build.0 = Release|Any CPU
	EndGlobalSection
	GlobalSection(SolutionProperties) = preSolution
		HideSolutionNode = FALSE
	EndGlobalSection
	GlobalSection(ExtensibilityGlobals) = postSolution
		SolutionGuid = {7EBDBBF7-5712-40E0-AE83-944EC545EE04}
	EndGlobalSection
EndGlobal
